
Microsoft Visual Studio Solution File, Format Version 12.00
# Visual Studio 15
VisualStudioVersion = 15.0.28307.421
MinimumVisualStudioVersion = 10.0.40219.1
Project("{FAE04EC0-301F-11D3-BF4B-00C04F79EFBC}") = "ExAPI_WebApplication", "ExAPI_WebApplication\ExAPI_WebApplication.csproj", "{8F0B9BF4-D698-4875-B96C-A1EADCD91A1A}"
EndProject
Global
	GlobalSection(SolutionConfigurationPlatforms) = preSolution
		Debug|Any CPU = Debug|Any CPU
		Release|Any CPU = Release|Any CPU
	EndGlobalSection
	GlobalSection(ProjectConfigurationPlatforms) = postSolution
		{8F0B9BF4-D698-4875-B96C-A1EADCD91A1A}.Debug|Any CPU.ActiveCfg = Debug|Any CPU
		{8F0B9BF4-D698-4875-B96C-A1EADCD91A1A}.Debug|Any CPU.Build.0 = Debug|Any CPU
		{8F0B9BF4-D698-4875-B96C-A1EADCD91A1A}.Release|Any CPU.ActiveCfg = Release|Any CPU
		{8F0B9BF4-D698-4875-B96C-A1EADCD91A1A}.Release|Any CPU.Build.0 = Release|Any CPU
	EndGlobalSection
	GlobalSection(SolutionProperties) = preSolution
		HideSolutionNode = FALSE
	EndGlobalSection
	GlobalSection(ExtensibilityGlobals) = postSolution
		SolutionGuid = {48653FB5-6D1E-4DA8-9F9A-051DD0A9FCD6}
	EndGlobalSection
EndGlobal
